
Microsoft Visual Studio Solution File, Format Version 12.00
# Visual Studio Version 17
VisualStudioVersion = 17.7.34024.191
MinimumVisualStudioVersion = 10.0.40219.1
Project("{9A19103F-16F7-4668-BE54-9A1E7A4F7556}") = "task1_factory", "task1_fabric\task1_factory.csproj", "{2FDBBD37-09E7-4D20-B68A-7A4948C333F4}"
EndProject
Project("{9A19103F-16F7-4668-BE54-9A1E7A4F7556}") = "task2_abstractFactory", "task2_abstractFactory\task2_abstractFactory.csproj", "{455B486A-D852-4BE0-8BF7-00F094E1E77B}"
EndProject
Project("{9A19103F-16F7-4668-BE54-9A1E7A4F7556}") = "task3_singleton", "task3_singleton\task3_singleton.csproj", "{6AC8E25B-905E-4022-9689-D02395B93DDB}"
EndProject
Project("{9A19103F-16F7-4668-BE54-9A1E7A4F7556}") = "task5_builder", "task5_builder\task5_builder.csproj", "{D636F47C-0A2C-4E38-BA07-5DD9F5604F42}"
EndProject
Project("{FAE04EC0-301F-11D3-BF4B-00C04F79EFBC}") = "task4_prototype", "task4_prototype\task4_prototype.csproj", "{11FA0638-329B-4419-B9D8-9197407A0F96}"
EndProject
Global
	GlobalSection(SolutionConfigurationPlatforms) = preSolution
		Debug|Any CPU = Debug|Any CPU
		Release|Any CPU = Release|Any CPU
	EndGlobalSection
	GlobalSection(ProjectConfigurationPlatforms) = postSolution
		{2FDBBD37-09E7-4D20-B68A-7A4948C333F4}.Debug|Any CPU.ActiveCfg = Debug|Any CPU
		{2FDBBD37-09E7-4D20-B68A-7A4948C333F4}.Debug|Any CPU.Build.0 = Debug|Any CPU
		{2FDBBD37-09E7-4D20-B68A-7A4948C333F4}.Release|Any CPU.ActiveCfg = Release|Any CPU
		{2FDBBD37-09E7-4D20-B68A-7A4948C333F4}.Release|Any CPU.Build.0 = Release|Any CPU
		{455B486A-D852-4BE0-8BF7-00F094E1E77B}.Debug|Any CPU.ActiveCfg = Debug|Any CPU
		{455B486A-D852-4BE0-8BF7-00F094E1E77B}.Debug|Any CPU.Build.0 = Debug|Any CPU
		{455B486A-D852-4BE0-8BF7-00F094E1E77B}.Release|Any CPU.ActiveCfg = Release|Any CPU
		{455B486A-D852-4BE0-8BF7-00F094E1E77B}.Release|Any CPU.Build.0 = Release|Any CPU
		{6AC8E25B-905E-4022-9689-D02395B93DDB}.Debug|Any CPU.ActiveCfg = Debug|Any CPU
		{6AC8E25B-905E-4022-9689-D02395B93DDB}.Debug|Any CPU.Build.0 = Debug|Any CPU
		{6AC8E25B-905E-4022-9689-D02395B93DDB}.Release|Any CPU.ActiveCfg = Release|Any CPU
		{6AC8E25B-905E-4022-9689-D02395B93DDB}.Release|Any CPU.Build.0 = Release|Any CPU
		{D636F47C-0A2C-4E38-BA07-5DD9F5604F42}.Debug|Any CPU.ActiveCfg = Debug|Any CPU
		{D636F47C-0A2C-4E38-BA07-5DD9F5604F42}.Debug|Any CPU.Build.0 = Debug|Any CPU
		{D636F47C-0A2C-4E38-BA07-5DD9F5604F42}.Release|Any CPU.ActiveCfg = Release|Any CPU
		{D636F47C-0A2C-4E38-BA07-5DD9F5604F42}.Release|Any CPU.Build.0 = Release|Any CPU
		{11FA0638-329B-4419-B9D8-9197407A0F96}.Debug|Any CPU.ActiveCfg = Debug|Any CPU
		{11FA0638-329B-4419-B9D8-9197407A0F96}.Debug|Any CPU.Build.0 = Debug|Any CPU
		{11FA0638-329B-4419-B9D8-9197407A0F96}.Release|Any CPU.ActiveCfg = Release|Any CPU
		{11FA0638-329B-4419-B9D8-9197407A0F96}.Release|Any CPU.Build.0 = Release|Any CPU
	EndGlobalSection
	GlobalSection(SolutionProperties) = preSolution
		HideSolutionNode = FALSE
	EndGlobalSection
	GlobalSection(ExtensibilityGlobals) = postSolution
		SolutionGuid = {5DBB64FA-7B98-4107-B557-E2569543DC59}
	EndGlobalSection
EndGlobal
